
Microsoft Visual Studio Solution File, Format Version 12.00
# Visual Studio Version 17
VisualStudioVersion = 17.12.35527.113 d17.12
MinimumVisualStudioVersion = 10.0.40219.1
Project("{FAE04EC0-301F-11D3-BF4B-00C04F79EFBC}") = "CleanArchMvc.Domain", "CleanArchMvc.Domain\CleanArchMvc.Domain.csproj", "{508B4703-29D9-4578-BE2B-3A233B7EBDE7}"
EndProject
Project("{FAE04EC0-301F-11D3-BF4B-00C04F79EFBC}") = "CleanArchMvc.Domain.Tests", "CleanArchMvc.Domain.Tests\CleanArchMvc.Domain.Tests.csproj", "{5E912818-3A75-4A41-B705-9E340271AA88}"
EndProject
Project("{FAE04EC0-301F-11D3-BF4B-00C04F79EFBC}") = "CleanArchMvc.Application", "CleanArchMvc.Application\CleanArchMvc.Application.csproj", "{73B550E1-A07F-4099-8AEE-6DD49E296853}"
EndProject
Project("{FAE04EC0-301F-11D3-BF4B-00C04F79EFBC}") = "CleanArchMvc.Infra.Data", "CleanArchMvc.Infra.Data\CleanArchMvc.Infra.Data.csproj", "{620ADD79-255D-4C92-A785-0246727E2683}"
EndProject
Project("{FAE04EC0-301F-11D3-BF4B-00C04F79EFBC}") = "CleanArchMvc.Infra.IoC", "CleanArchMvc.Infra.IoC\CleanArchMvc.Infra.IoC.csproj", "{20F76531-511D-40B1-A3E7-3E20A635993C}"
EndProject
Project("{FAE04EC0-301F-11D3-BF4B-00C04F79EFBC}") = "CleanArchMvc.WebUI", "CleanArchMvc.WebUI\CleanArchMvc.WebUI.csproj", "{4A2664FE-1C6E-47F7-B314-5E81DA234166}"
EndProject
Project("{FAE04EC0-301F-11D3-BF4B-00C04F79EFBC}") = "CleanArchMvc.API", "CleanArchMvc.API\CleanArchMvc.API.csproj", "{E2A5A045-11B5-4101-9F4D-96D19757DA96}"
EndProject
Global
	GlobalSection(SolutionConfigurationPlatforms) = preSolution
		Debug|Any CPU = Debug|Any CPU
		Release|Any CPU = Release|Any CPU
	EndGlobalSection
	GlobalSection(ProjectConfigurationPlatforms) = postSolution
		{508B4703-29D9-4578-BE2B-3A233B7EBDE7}.Debug|Any CPU.ActiveCfg = Debug|Any CPU
		{508B4703-29D9-4578-BE2B-3A233B7EBDE7}.Debug|Any CPU.Build.0 = Debug|Any CPU
		{508B4703-29D9-4578-BE2B-3A233B7EBDE7}.Release|Any CPU.ActiveCfg = Release|Any CPU
		{508B4703-29D9-4578-BE2B-3A233B7EBDE7}.Release|Any CPU.Build.0 = Release|Any CPU
		{5E912818-3A75-4A41-B705-9E340271AA88}.Debug|Any CPU.ActiveCfg = Debug|Any CPU
		{5E912818-3A75-4A41-B705-9E340271AA88}.Debug|Any CPU.Build.0 = Debug|Any CPU
		{5E912818-3A75-4A41-B705-9E340271AA88}.Release|Any CPU.ActiveCfg = Release|Any CPU
		{5E912818-3A75-4A41-B705-9E340271AA88}.Release|Any CPU.Build.0 = Release|Any CPU
		{73B550E1-A07F-4099-8AEE-6DD49E296853}.Debug|Any CPU.ActiveCfg = Debug|Any CPU
		{73B550E1-A07F-4099-8AEE-6DD49E296853}.Debug|Any CPU.Build.0 = Debug|Any CPU
		{73B550E1-A07F-4099-8AEE-6DD49E296853}.Release|Any CPU.ActiveCfg = Release|Any CPU
		{73B550E1-A07F-4099-8AEE-6DD49E296853}.Release|Any CPU.Build.0 = Release|Any CPU
		{620ADD79-255D-4C92-A785-0246727E2683}.Debug|Any CPU.ActiveCfg = Debug|Any CPU
		{620ADD79-255D-4C92-A785-0246727E2683}.Debug|Any CPU.Build.0 = Debug|Any CPU
		{620ADD79-255D-4C92-A785-0246727E2683}.Release|Any CPU.ActiveCfg = Release|Any CPU
		{620ADD79-255D-4C92-A785-0246727E2683}.Release|Any CPU.Build.0 = Release|Any CPU
		{20F76531-511D-40B1-A3E7-3E20A635993C}.Debug|Any CPU.ActiveCfg = Debug|Any CPU
		{20F76531-511D-40B1-A3E7-3E20A635993C}.Debug|Any CPU.Build.0 = Debug|Any CPU
		{20F76531-511D-40B1-A3E7-3E20A635993C}.Release|Any CPU.ActiveCfg = Release|Any CPU
		{20F76531-511D-40B1-A3E7-3E20A635993C}.Release|Any CPU.Build.0 = Release|Any CPU
		{4A2664FE-1C6E-47F7-B314-5E81DA234166}.Debug|Any CPU.ActiveCfg = Debug|Any CPU
		{4A2664FE-1C6E-47F7-B314-5E81DA234166}.Debug|Any CPU.Build.0 = Debug|Any CPU
		{4A2664FE-1C6E-47F7-B314-5E81DA234166}.Release|Any CPU.ActiveCfg = Release|Any CPU
		{4A2664FE-1C6E-47F7-B314-5E81DA234166}.Release|Any CPU.Build.0 = Release|Any CPU
		{E2A5A045-11B5-4101-9F4D-96D19757DA96}.Debug|Any CPU.ActiveCfg = Debug|Any CPU
		{E2A5A045-11B5-4101-9F4D-96D19757DA96}.Debug|Any CPU.Build.0 = Debug|Any CPU
		{E2A5A045-11B5-4101-9F4D-96D19757DA96}.Release|Any CPU.ActiveCfg = Release|Any CPU
		{E2A5A045-11B5-4101-9F4D-96D19757DA96}.Release|Any CPU.Build.0 = Release|Any CPU
	EndGlobalSection
	GlobalSection(SolutionProperties) = preSolution
		HideSolutionNode = FALSE
	EndGlobalSection
EndGlobal
